<?xml version="1.0" encoding="utf-8"?>
<Project ToolsVersion="4.0" xmlns="http://schemas.microsoft.com/developer/msbuild/2003">
  <ItemGroup>
    <Filter Include="map">
      <UniqueIdentifier>{5ca4c2a0-aa87-409f-8833-fdea68d01855}</UniqueIdentifier>
    </Filter>
  </ItemGroup>
  <ItemGroup>
    <ClCompile Include="map\map.cpp">
      <Filter>map</Filter>
    </ClCompile>
    <ClCompile Include="set,multimap,multiset\main.cpp" />
    <ClCompile Include="practice\practice.cpp" />
    <ClCompile Include="modernC++\auto.cpp" />
    <ClCompile Include="modernC++\{}Initialize.cpp" />
    <ClCompile Include="modernC++\nullptr.cpp" />
    <ClCompile Include="modernC++\using.cpp" />
    <ClCompile Include="modernC++\enum_class.cpp" />
    <ClCompile Include="modernC++\delete.cpp" />
    <ClCompile Include="modernC++\override, final.cpp" />
    <ClCompile Include="modernC++\r-value.cpp" />
    <ClCompile Include="modernC++\전달 참조(forward reference).cpp" />
    <ClCompile Include="modernC++\람다(lambda).cpp" />
  </ItemGroup>
</Project>