<?xml version="1.0" encoding="utf-8"?>
<Project ToolsVersion="4.0" xmlns="http://schemas.microsoft.com/developer/msbuild/2003">
  <ItemGroup>
    <Filter Include="map">
      <UniqueIdentifier>{5ca4c2a0-aa87-409f-8833-fdea68d01855}</UniqueIdentifier>
    </Filter>
  </ItemGroup>
  <ItemGroup>
    <ClCompile Include="map\map.cpp">
      <Filter>map</Filter>
    </ClCompile>
    <ClCompile Include="set,multimap,multiset\main.cpp" />
    <ClCompile Include="practice\practice.cpp" />
  </ItemGroup>
</Project>